// !$*UTF8*$!
{
	archiveVersion = 1;
	classes = {
	};
	objectVersion = 54;
	objects = {

/* Begin PBXBuildFile section */
		0F8328CF27820ABC00BE8BBA /* Timer.cpp in Sources */ = {isa = PBXBuildFile; fileRef = 0F8328C927820ABC00BE8BBA /* Timer.cpp */; };
		0F8328D027820ABC00BE8BBA /* Testing.mm in Sources */ = {isa = PBXBuildFile; fileRef = 0F8328CA27820ABC00BE8BBA /* Testing.mm */; };
		0F8328D127820ABC00BE8BBA /* Tester.cpp in Sources */ = {isa = PBXBuildFile; fileRef = 0F8328CC27820ABC00BE8BBA /* Tester.cpp */; };
		0F8328D227820ADD00BE8BBA /* can_api.c in Sources */ = {isa = PBXBuildFile; fileRef = 0FC6171D25CC67360010B15D /* can_api.c */; };
		0F8328D327820AE100BE8BBA /* can_btr.c in Sources */ = {isa = PBXBuildFile; fileRef = 0FB7FEB125AEED5500A2B7B1 /* can_btr.c */; };
		0F8328D427820AEA00BE8BBA /* PeakCAN.cpp in Sources */ = {isa = PBXBuildFile; fileRef = 0FC6171725CC66F30010B15D /* PeakCAN.cpp */; };
		0F8328E427822DE500BE8BBA /* test_can_write.mm in Sources */ = {isa = PBXBuildFile; fileRef = 0F8328D527822DE400BE8BBA /* test_can_write.mm */; };
		0F8328E527822DE500BE8BBA /* test_can_start.mm in Sources */ = {isa = PBXBuildFile; fileRef = 0F8328D627822DE400BE8BBA /* test_can_start.mm */; };
		0F8328E627822DE500BE8BBA /* test_can_firmware.mm in Sources */ = {isa = PBXBuildFile; fileRef = 0F8328D727822DE400BE8BBA /* test_can_firmware.mm */; };
		0F8328E727822DE500BE8BBA /* test_can_status.mm in Sources */ = {isa = PBXBuildFile; fileRef = 0F8328D827822DE400BE8BBA /* test_can_status.mm */; };
		0F8328E827822DE500BE8BBA /* test_can_read.mm in Sources */ = {isa = PBXBuildFile; fileRef = 0F8328D927822DE400BE8BBA /* test_can_read.mm */; };
		0F8328E927822DE500BE8BBA /* test_can_busload.mm in Sources */ = {isa = PBXBuildFile; fileRef = 0F8328DA27822DE400BE8BBA /* test_can_busload.mm */; };
		0F8328EA27822DE500BE8BBA /* test_can_init.mm in Sources */ = {isa = PBXBuildFile; fileRef = 0F8328DB27822DE400BE8BBA /* test_can_init.mm */; };
		0F8328EB27822DE500BE8BBA /* test_can_test.mm in Sources */ = {isa = PBXBuildFile; fileRef = 0F8328DC27822DE400BE8BBA /* test_can_test.mm */; };
		0F8328EC27822DE500BE8BBA /* test_can_exit.mm in Sources */ = {isa = PBXBuildFile; fileRef = 0F8328DD27822DE400BE8BBA /* test_can_exit.mm */; };
		0F8328ED27822DE500BE8BBA /* test_can_bitrate.mm in Sources */ = {isa = PBXBuildFile; fileRef = 0F8328DE27822DE400BE8BBA /* test_can_bitrate.mm */; };
		0F8328F027822DE500BE8BBA /* test_can_hardware.mm in Sources */ = {isa = PBXBuildFile; fileRef = 0F8328E127822DE500BE8BBA /* test_can_hardware.mm */; };
		0F8328F127822DE500BE8BBA /* test_can_reset.mm in Sources */ = {isa = PBXBuildFile; fileRef = 0F8328E227822DE500BE8BBA /* test_can_reset.mm */; };
		0F8328F227822DE500BE8BBA /* test_can_version.mm in Sources */ = {isa = PBXBuildFile; fileRef = 0F8328E327822DE500BE8BBA /* test_can_version.mm */; };
		0FB7FEA125AEEBBA00A2B7B1 /* main.cpp in Sources */ = {isa = PBXBuildFile; fileRef = 0FB7FEA025AEEBBA00A2B7B1 /* main.cpp */; };
		0FB7FEB225AEED5500A2B7B1 /* can_btr.c in Sources */ = {isa = PBXBuildFile; fileRef = 0FB7FEB125AEED5500A2B7B1 /* can_btr.c */; };
		0FC6171925CC66F30010B15D /* PeakCAN.cpp in Sources */ = {isa = PBXBuildFile; fileRef = 0FC6171725CC66F30010B15D /* PeakCAN.cpp */; };
		0FC6171E25CC67360010B15D /* can_api.c in Sources */ = {isa = PBXBuildFile; fileRef = 0FC6171D25CC67360010B15D /* can_api.c */; };
		44E1A86D289075E50096F308 /* test_can_property.mm in Sources */ = {isa = PBXBuildFile; fileRef = 44E1A86C289075E50096F308 /* test_can_property.mm */; };
		44F4A11D2A97A29A00AC2CF4 /* test_can_btr.mm in Sources */ = {isa = PBXBuildFile; fileRef = 44F4A11A2A97A29A00AC2CF4 /* test_can_btr.mm */; };
		44F4A11E2A97A29A00AC2CF4 /* Bitrates.cpp in Sources */ = {isa = PBXBuildFile; fileRef = 44F4A11B2A97A29A00AC2CF4 /* Bitrates.cpp */; };
/* End PBXBuildFile section */

/* Begin PBXCopyFilesBuildPhase section */
		0FE14B1525AEEA4900E87475 /* CopyFiles */ = {
			isa = PBXCopyFilesBuildPhase;
			buildActionMask = 2147483647;
			dstPath = /usr/share/man/man1/;
			dstSubfolderSpec = 0;
			files = (
			);
			runOnlyForDeploymentPostprocessing = 1;
		};
/* End PBXCopyFilesBuildPhase section */

/* Begin PBXFileReference section */
		0F8328C0278209CB00BE8BBA /* Testing.xctest */ = {isa = PBXFileReference; explicitFileType = wrapper.cfbundle; includeInIndex = 0; path = Testing.xctest; sourceTree = BUILT_PRODUCTS_DIR; };
		0F8328C827820ABC00BE8BBA /* Timer.h */ = {isa = PBXFileReference; fileEncoding = 4; lastKnownFileType = sourcecode.c.h; name = Timer.h; path = ../Tests/UnitTests/Timer.h; sourceTree = "<group>"; };
		0F8328C927820ABC00BE8BBA /* Timer.cpp */ = {isa = PBXFileReference; fileEncoding = 4; lastKnownFileType = sourcecode.cpp.cpp; name = Timer.cpp; path = ../Tests/UnitTests/Timer.cpp; sourceTree = "<group>"; };
		0F8328CA27820ABC00BE8BBA /* Testing.mm */ = {isa = PBXFileReference; fileEncoding = 4; lastKnownFileType = sourcecode.cpp.objcpp; name = Testing.mm; path = ../Tests/UnitTests/Testing.mm; sourceTree = "<group>"; };
		0F8328CB27820ABC00BE8BBA /* Tester.h */ = {isa = PBXFileReference; fileEncoding = 4; lastKnownFileType = sourcecode.c.h; name = Tester.h; path = ../Tests/UnitTests/Tester.h; sourceTree = "<group>"; };
		0F8328CC27820ABC00BE8BBA /* Tester.cpp */ = {isa = PBXFileReference; fileEncoding = 4; lastKnownFileType = sourcecode.cpp.cpp; name = Tester.cpp; path = ../Tests/UnitTests/Tester.cpp; sourceTree = "<group>"; };
		0F8328CD27820ABC00BE8BBA /* Settings.h */ = {isa = PBXFileReference; fileEncoding = 4; lastKnownFileType = sourcecode.c.h; name = Settings.h; path = ../Tests/UnitTests/Settings.h; sourceTree = "<group>"; };
		0F8328D527822DE400BE8BBA /* test_can_write.mm */ = {isa = PBXFileReference; fileEncoding = 4; lastKnownFileType = sourcecode.cpp.objcpp; name = test_can_write.mm; path = ../Tests/UnitTests/test_can_write.mm; sourceTree = "<group>"; };
		0F8328D627822DE400BE8BBA /* test_can_start.mm */ = {isa = PBXFileReference; fileEncoding = 4; lastKnownFileType = sourcecode.cpp.objcpp; name = test_can_start.mm; path = ../Tests/UnitTests/test_can_start.mm; sourceTree = "<group>"; };
		0F8328D727822DE400BE8BBA /* test_can_firmware.mm */ = {isa = PBXFileReference; fileEncoding = 4; lastKnownFileType = sourcecode.cpp.objcpp; name = test_can_firmware.mm; path = ../Tests/UnitTests/test_can_firmware.mm; sourceTree = "<group>"; };
		0F8328D827822DE400BE8BBA /* test_can_status.mm */ = {isa = PBXFileReference; fileEncoding = 4; lastKnownFileType = sourcecode.cpp.objcpp; name = test_can_status.mm; path = ../Tests/UnitTests/test_can_status.mm; sourceTree = "<group>"; };
		0F8328D927822DE400BE8BBA /* test_can_read.mm */ = {isa = PBXFileReference; fileEncoding = 4; lastKnownFileType = sourcecode.cpp.objcpp; name = test_can_read.mm; path = ../Tests/UnitTests/test_can_read.mm; sourceTree = "<group>"; };
		0F8328DA27822DE400BE8BBA /* test_can_busload.mm */ = {isa = PBXFileReference; fileEncoding = 4; lastKnownFileType = sourcecode.cpp.objcpp; name = test_can_busload.mm; path = ../Tests/UnitTests/test_can_busload.mm; sourceTree = "<group>"; };
		0F8328DB27822DE400BE8BBA /* test_can_init.mm */ = {isa = PBXFileReference; fileEncoding = 4; lastKnownFileType = sourcecode.cpp.objcpp; name = test_can_init.mm; path = ../Tests/UnitTests/test_can_init.mm; sourceTree = "<group>"; };
		0F8328DC27822DE400BE8BBA /* test_can_test.mm */ = {isa = PBXFileReference; fileEncoding = 4; lastKnownFileType = sourcecode.cpp.objcpp; name = test_can_test.mm; path = ../Tests/UnitTests/test_can_test.mm; sourceTree = "<group>"; };
		0F8328DD27822DE400BE8BBA /* test_can_exit.mm */ = {isa = PBXFileReference; fileEncoding = 4; lastKnownFileType = sourcecode.cpp.objcpp; name = test_can_exit.mm; path = ../Tests/UnitTests/test_can_exit.mm; sourceTree = "<group>"; };
		0F8328DE27822DE400BE8BBA /* test_can_bitrate.mm */ = {isa = PBXFileReference; fileEncoding = 4; lastKnownFileType = sourcecode.cpp.objcpp; name = test_can_bitrate.mm; path = ../Tests/UnitTests/test_can_bitrate.mm; sourceTree = "<group>"; };
		0F8328E127822DE500BE8BBA /* test_can_hardware.mm */ = {isa = PBXFileReference; fileEncoding = 4; lastKnownFileType = sourcecode.cpp.objcpp; name = test_can_hardware.mm; path = ../Tests/UnitTests/test_can_hardware.mm; sourceTree = "<group>"; };
		0F8328E227822DE500BE8BBA /* test_can_reset.mm */ = {isa = PBXFileReference; fileEncoding = 4; lastKnownFileType = sourcecode.cpp.objcpp; name = test_can_reset.mm; path = ../Tests/UnitTests/test_can_reset.mm; sourceTree = "<group>"; };
		0F8328E327822DE500BE8BBA /* test_can_version.mm */ = {isa = PBXFileReference; fileEncoding = 4; lastKnownFileType = sourcecode.cpp.objcpp; name = test_can_version.mm; path = ../Tests/UnitTests/test_can_version.mm; sourceTree = "<group>"; };
		0F86FB3025BC24C4009844F5 /* CANAPI_Defines.h */ = {isa = PBXFileReference; fileEncoding = 4; lastKnownFileType = sourcecode.c.h; name = CANAPI_Defines.h; path = ../Sources/CANAPI/CANAPI_Defines.h; sourceTree = "<group>"; };
		0FB7FEA025AEEBBA00A2B7B1 /* main.cpp */ = {isa = PBXFileReference; fileEncoding = 4; lastKnownFileType = sourcecode.cpp.cpp; name = main.cpp; path = Sources/main.cpp; sourceTree = "<group>"; };
		0FB7FEA425AEEBE100A2B7B1 /* build_no.h */ = {isa = PBXFileReference; fileEncoding = 4; lastKnownFileType = sourcecode.c.h; name = build_no.h; path = ../Sources/build_no.h; sourceTree = "<group>"; };
		0FB7FEAD25AEED5500A2B7B1 /* CANAPI.h */ = {isa = PBXFileReference; fileEncoding = 4; lastKnownFileType = sourcecode.c.h; name = CANAPI.h; path = ../Sources/CANAPI/CANAPI.h; sourceTree = "<group>"; };
		0FB7FEAE25AEED5500A2B7B1 /* CANAPI_Types.h */ = {isa = PBXFileReference; fileEncoding = 4; lastKnownFileType = sourcecode.c.h; name = CANAPI_Types.h; path = ../Sources/CANAPI/CANAPI_Types.h; sourceTree = "<group>"; };
		0FB7FEAF25AEED5500A2B7B1 /* can_api.h */ = {isa = PBXFileReference; fileEncoding = 4; lastKnownFileType = sourcecode.c.h; name = can_api.h; path = ../Sources/CANAPI/can_api.h; sourceTree = "<group>"; };
		0FB7FEB025AEED5500A2B7B1 /* can_btr.h */ = {isa = PBXFileReference; fileEncoding = 4; lastKnownFileType = sourcecode.c.h; name = can_btr.h; path = ../Sources/CANAPI/can_btr.h; sourceTree = "<group>"; };
		0FB7FEB125AEED5500A2B7B1 /* can_btr.c */ = {isa = PBXFileReference; fileEncoding = 4; lastKnownFileType = sourcecode.c.c; name = can_btr.c; path = ../Sources/CANAPI/can_btr.c; sourceTree = "<group>"; };
		0FC6171625CC66F30010B15D /* PeakCAN.h */ = {isa = PBXFileReference; fileEncoding = 4; lastKnownFileType = sourcecode.c.h; name = PeakCAN.h; path = ../Sources/PeakCAN.h; sourceTree = "<group>"; };
		0FC6171725CC66F30010B15D /* PeakCAN.cpp */ = {isa = PBXFileReference; fileEncoding = 4; lastKnownFileType = sourcecode.cpp.cpp; name = PeakCAN.cpp; path = ../Sources/PeakCAN.cpp; sourceTree = "<group>"; };
		0FC6171825CC66F30010B15D /* PeakCAN_Defines.h */ = {isa = PBXFileReference; fileEncoding = 4; lastKnownFileType = sourcecode.c.h; name = PeakCAN_Defines.h; path = ../Sources/PeakCAN_Defines.h; sourceTree = "<group>"; };
		0FC6171B25CC67360010B15D /* can_defs.h */ = {isa = PBXFileReference; fileEncoding = 4; lastKnownFileType = sourcecode.c.h; name = can_defs.h; path = ../Sources/Wrapper/can_defs.h; sourceTree = "<group>"; };
		0FC6171D25CC67360010B15D /* can_api.c */ = {isa = PBXFileReference; fileEncoding = 4; lastKnownFileType = sourcecode.c.c; name = can_api.c; path = ../Sources/Wrapper/can_api.c; sourceTree = "<group>"; };
		0FE14B1725AEEA4900E87475 /* PCBUSB */ = {isa = PBXFileReference; explicitFileType = "compiled.mach-o.executable"; includeInIndex = 0; path = PCBUSB; sourceTree = BUILT_PRODUCTS_DIR; };
		44CB06332A6DCCC0000D9246 /* PeakCAN_Defaults.h */ = {isa = PBXFileReference; fileEncoding = 4; lastKnownFileType = sourcecode.c.h; name = PeakCAN_Defaults.h; path = ../Sources/PeakCAN_Defaults.h; sourceTree = "<group>"; };
		44CB06342A6DD1F5000D9246 /* CANBTR_Defaults.h */ = {isa = PBXFileReference; fileEncoding = 4; lastKnownFileType = sourcecode.c.h; name = CANBTR_Defaults.h; path = ../Sources/CANAPI/CANBTR_Defaults.h; sourceTree = "<group>"; };
		44E1A86C289075E50096F308 /* test_can_property.mm */ = {isa = PBXFileReference; fileEncoding = 4; lastKnownFileType = sourcecode.cpp.objcpp; name = test_can_property.mm; path = ../Tests/UnitTests/test_can_property.mm; sourceTree = "<group>"; };
		44F4A11A2A97A29A00AC2CF4 /* test_can_btr.mm */ = {isa = PBXFileReference; fileEncoding = 4; lastKnownFileType = sourcecode.cpp.objcpp; name = test_can_btr.mm; path = ../Tests/UnitTests/test_can_btr.mm; sourceTree = "<group>"; };
		44F4A11B2A97A29A00AC2CF4 /* Bitrates.cpp */ = {isa = PBXFileReference; fileEncoding = 4; lastKnownFileType = sourcecode.cpp.cpp; name = Bitrates.cpp; path = ../Tests/UnitTests/Bitrates.cpp; sourceTree = "<group>"; };
		44F4A11C2A97A29A00AC2CF4 /* Bitrates.h */ = {isa = PBXFileReference; fileEncoding = 4; lastKnownFileType = sourcecode.c.h; name = Bitrates.h; path = ../Tests/UnitTests/Bitrates.h; sourceTree = "<group>"; };
		44FAED34279200C000B44E88 /* Driver.h */ = {isa = PBXFileReference; fileEncoding = 4; lastKnownFileType = sourcecode.c.h; name = Driver.h; path = ../Tests/UnitTests/Driver.h; sourceTree = "<group>"; };
		44FEACB52AB1A08B00544108 /* PCBUSB.h */ = {isa = PBXFileReference; fileEncoding = 4; lastKnownFileType = sourcecode.c.h; name = PCBUSB.h; path = ../Sources/PCANBasic/macOS/PCBUSB.h; sourceTree = "<group>"; };
/* End PBXFileReference section */

/* Begin PBXFrameworksBuildPhase section */
		0F8328BD278209CB00BE8BBA /* Frameworks */ = {
			isa = PBXFrameworksBuildPhase;
			buildActionMask = 2147483647;
			files = (
			);
			runOnlyForDeploymentPostprocessing = 0;
		};
		0FE14B1425AEEA4900E87475 /* Frameworks */ = {
			isa = PBXFrameworksBuildPhase;
			buildActionMask = 2147483647;
			files = (
			);
			runOnlyForDeploymentPostprocessing = 0;
		};
/* End PBXFrameworksBuildPhase section */

/* Begin PBXGroup section */
		0F8328C727820A0900BE8BBA /* Testing */ = {
			isa = PBXGroup;
			children = (
				44FAED34279200C000B44E88 /* Driver.h */,
				0F8328CD27820ABC00BE8BBA /* Settings.h */,
				0F8328CA27820ABC00BE8BBA /* Testing.mm */,
				44F4A11A2A97A29A00AC2CF4 /* test_can_btr.mm */,
				0F8328DC27822DE400BE8BBA /* test_can_test.mm */,
				0F8328DB27822DE400BE8BBA /* test_can_init.mm */,
				0F8328D627822DE400BE8BBA /* test_can_start.mm */,
				0F8328D927822DE400BE8BBA /* test_can_read.mm */,
				0F8328D527822DE400BE8BBA /* test_can_write.mm */,
				0F8328E227822DE500BE8BBA /* test_can_reset.mm */,
				0F8328DD27822DE400BE8BBA /* test_can_exit.mm */,
				0F8328D827822DE400BE8BBA /* test_can_status.mm */,
				0F8328DA27822DE400BE8BBA /* test_can_busload.mm */,
				0F8328DE27822DE400BE8BBA /* test_can_bitrate.mm */,
				44E1A86C289075E50096F308 /* test_can_property.mm */,
				0F8328E127822DE500BE8BBA /* test_can_hardware.mm */,
				0F8328D727822DE400BE8BBA /* test_can_firmware.mm */,
				0F8328E327822DE500BE8BBA /* test_can_version.mm */,
				44F4A11B2A97A29A00AC2CF4 /* Bitrates.cpp */,
				44F4A11C2A97A29A00AC2CF4 /* Bitrates.h */,
				0F8328CC27820ABC00BE8BBA /* Tester.cpp */,
				0F8328CB27820ABC00BE8BBA /* Tester.h */,
				0F8328C927820ABC00BE8BBA /* Timer.cpp */,
				0F8328C827820ABC00BE8BBA /* Timer.h */,
			);
			name = Testing;
			sourceTree = "<group>";
		};
		0FB7FE9F25AEEB9900A2B7B1 /* Sources */ = {
			isa = PBXGroup;
			children = (
				44FEACB52AB1A08B00544108 /* PCBUSB.h */,
				0FC6171B25CC67360010B15D /* can_defs.h */,
				0FC6171D25CC67360010B15D /* can_api.c */,
				0FB7FEAF25AEED5500A2B7B1 /* can_api.h */,
				0FB7FEB125AEED5500A2B7B1 /* can_btr.c */,
				0FB7FEB025AEED5500A2B7B1 /* can_btr.h */,
				0FB7FEAD25AEED5500A2B7B1 /* CANAPI.h */,
				0FB7FEAE25AEED5500A2B7B1 /* CANAPI_Types.h */,
				0F86FB3025BC24C4009844F5 /* CANAPI_Defines.h */,
				44CB06342A6DD1F5000D9246 /* CANBTR_Defaults.h */,
				0FC6171825CC66F30010B15D /* PeakCAN_Defines.h */,
				44CB06332A6DCCC0000D9246 /* PeakCAN_Defaults.h */,
				0FC6171725CC66F30010B15D /* PeakCAN.cpp */,
				0FC6171625CC66F30010B15D /* PeakCAN.h */,
				0FB7FEA425AEEBE100A2B7B1 /* build_no.h */,
				0FB7FEA025AEEBBA00A2B7B1 /* main.cpp */,
			);
			name = Sources;
			sourceTree = "<group>";
		};
		0FE14B0E25AEEA4900E87475 = {
			isa = PBXGroup;
			children = (
				0FB7FE9F25AEEB9900A2B7B1 /* Sources */,
				0F8328C727820A0900BE8BBA /* Testing */,
				0FE14B1825AEEA4900E87475 /* Products */,
			);
			sourceTree = "<group>";
		};
		0FE14B1825AEEA4900E87475 /* Products */ = {
			isa = PBXGroup;
			children = (
				0FE14B1725AEEA4900E87475 /* PCBUSB */,
				0F8328C0278209CB00BE8BBA /* Testing.xctest */,
			);
			name = Products;
			sourceTree = "<group>";
		};
/* End PBXGroup section */

/* Begin PBXNativeTarget section */
		0F8328BF278209CB00BE8BBA /* Testing */ = {
			isa = PBXNativeTarget;
			buildConfigurationList = 0F8328C6278209CB00BE8BBA /* Build configuration list for PBXNativeTarget "Testing" */;
			buildPhases = (
				0F8328BC278209CB00BE8BBA /* Sources */,
				0F8328BD278209CB00BE8BBA /* Frameworks */,
				0F8328BE278209CB00BE8BBA /* Resources */,
			);
			buildRules = (
			);
			dependencies = (
			);
			name = Testing;
			productName = Testing;
			productReference = 0F8328C0278209CB00BE8BBA /* Testing.xctest */;
			productType = "com.apple.product-type.bundle.unit-test";
		};
		0FE14B1625AEEA4900E87475 /* PCBUSB */ = {
			isa = PBXNativeTarget;
			buildConfigurationList = 0FE14B1E25AEEA4900E87475 /* Build configuration list for PBXNativeTarget "PCBUSB" */;
			buildPhases = (
				0FE14B1325AEEA4900E87475 /* Sources */,
				0FE14B1425AEEA4900E87475 /* Frameworks */,
				0FE14B1525AEEA4900E87475 /* CopyFiles */,
			);
			buildRules = (
			);
			dependencies = (
			);
			name = PCBUSB;
			productName = PCBUSB;
			productReference = 0FE14B1725AEEA4900E87475 /* PCBUSB */;
			productType = "com.apple.product-type.tool";
		};
/* End PBXNativeTarget section */

/* Begin PBXProject section */
		0FE14B0F25AEEA4900E87475 /* Project object */ = {
			isa = PBXProject;
			attributes = {
				BuildIndependentTargetsInParallel = YES;
				LastUpgradeCheck = 1540;
				TargetAttributes = {
					0F8328BF278209CB00BE8BBA = {
						CreatedOnToolsVersion = 13.2.1;
					};
					0FE14B1625AEEA4900E87475 = {
						CreatedOnToolsVersion = 12.3;
					};
				};
			};
			buildConfigurationList = 0FE14B1225AEEA4900E87475 /* Build configuration list for PBXProject "PCBUSB" */;
			compatibilityVersion = "Xcode 9.3";
			developmentRegion = en;
			hasScannedForEncodings = 0;
			knownRegions = (
				en,
				Base,
			);
			mainGroup = 0FE14B0E25AEEA4900E87475;
			productRefGroup = 0FE14B1825AEEA4900E87475 /* Products */;
			projectDirPath = "";
			projectRoot = "";
			targets = (
				0FE14B1625AEEA4900E87475 /* PCBUSB */,
				0F8328BF278209CB00BE8BBA /* Testing */,
			);
		};
/* End PBXProject section */

/* Begin PBXResourcesBuildPhase section */
		0F8328BE278209CB00BE8BBA /* Resources */ = {
			isa = PBXResourcesBuildPhase;
			buildActionMask = 2147483647;
			files = (
			);
			runOnlyForDeploymentPostprocessing = 0;
		};
/* End PBXResourcesBuildPhase section */

/* Begin PBXSourcesBuildPhase section */
		0F8328BC278209CB00BE8BBA /* Sources */ = {
			isa = PBXSourcesBuildPhase;
			buildActionMask = 2147483647;
			files = (
				0F8328F127822DE500BE8BBA /* test_can_reset.mm in Sources */,
				0F8328D027820ABC00BE8BBA /* Testing.mm in Sources */,
				0F8328D227820ADD00BE8BBA /* can_api.c in Sources */,
				0F8328E627822DE500BE8BBA /* test_can_firmware.mm in Sources */,
				0F8328CF27820ABC00BE8BBA /* Timer.cpp in Sources */,
				0F8328EB27822DE500BE8BBA /* test_can_test.mm in Sources */,
				0F8328D427820AEA00BE8BBA /* PeakCAN.cpp in Sources */,
				0F8328ED27822DE500BE8BBA /* test_can_bitrate.mm in Sources */,
				0F8328E927822DE500BE8BBA /* test_can_busload.mm in Sources */,
				0F8328F027822DE500BE8BBA /* test_can_hardware.mm in Sources */,
				0F8328D327820AE100BE8BBA /* can_btr.c in Sources */,
				0F8328E727822DE500BE8BBA /* test_can_status.mm in Sources */,
				0F8328D127820ABC00BE8BBA /* Tester.cpp in Sources */,
				44E1A86D289075E50096F308 /* test_can_property.mm in Sources */,
				0F8328E827822DE500BE8BBA /* test_can_read.mm in Sources */,
				0F8328F227822DE500BE8BBA /* test_can_version.mm in Sources */,
				0F8328E427822DE500BE8BBA /* test_can_write.mm in Sources */,
				44F4A11E2A97A29A00AC2CF4 /* Bitrates.cpp in Sources */,
				0F8328E527822DE500BE8BBA /* test_can_start.mm in Sources */,
				0F8328EC27822DE500BE8BBA /* test_can_exit.mm in Sources */,
				44F4A11D2A97A29A00AC2CF4 /* test_can_btr.mm in Sources */,
				0F8328EA27822DE500BE8BBA /* test_can_init.mm in Sources */,
			);
			runOnlyForDeploymentPostprocessing = 0;
		};
		0FE14B1325AEEA4900E87475 /* Sources */ = {
			isa = PBXSourcesBuildPhase;
			buildActionMask = 2147483647;
			files = (
				0FC6171925CC66F30010B15D /* PeakCAN.cpp in Sources */,
				0FC6171E25CC67360010B15D /* can_api.c in Sources */,
				0FB7FEA125AEEBBA00A2B7B1 /* main.cpp in Sources */,
				0FB7FEB225AEED5500A2B7B1 /* can_btr.c in Sources */,
			);
			runOnlyForDeploymentPostprocessing = 0;
		};
/* End PBXSourcesBuildPhase section */

/* Begin XCBuildConfiguration section */
		0F8328C4278209CB00BE8BBA /* Debug */ = {
			isa = XCBuildConfiguration;
			buildSettings = {
				CLANG_CXX_LANGUAGE_STANDARD = "gnu++17";
				CODE_SIGN_STYLE = Automatic;
				CURRENT_PROJECT_VERSION = 1;
				DEAD_CODE_STRIPPING = YES;
				GCC_PREPROCESSOR_DEFINITIONS = (
					"DEBUG=1",
					"OPTION_XCODE_TESTING=0",
					"OPTION_CANAPI_RETVALS=1",
					"$(inherited)",
				);
				GENERATE_INFOPLIST_FILE = YES;
				MACOSX_DEPLOYMENT_TARGET = 11.0;
				MARKETING_VERSION = 1.0;
				PRODUCT_BUNDLE_IDENTIFIER = "uv-software.Testing";
				PRODUCT_NAME = "$(TARGET_NAME)";
				SWIFT_EMIT_LOC_STRINGS = NO;
			};
			name = Debug;
		};
		0F8328C5278209CB00BE8BBA /* Release */ = {
			isa = XCBuildConfiguration;
			buildSettings = {
				CLANG_CXX_LANGUAGE_STANDARD = "gnu++17";
				CODE_SIGN_STYLE = Automatic;
				CURRENT_PROJECT_VERSION = 1;
				DEAD_CODE_STRIPPING = YES;
				GENERATE_INFOPLIST_FILE = YES;
				MACOSX_DEPLOYMENT_TARGET = 11.0;
				MARKETING_VERSION = 1.0;
				PRODUCT_BUNDLE_IDENTIFIER = "uv-software.Testing";
				PRODUCT_NAME = "$(TARGET_NAME)";
				SWIFT_EMIT_LOC_STRINGS = NO;
			};
			name = Release;
		};
		0FE14B1C25AEEA4900E87475 /* Debug */ = {
			isa = XCBuildConfiguration;
			buildSettings = {
				ALWAYS_SEARCH_USER_PATHS = NO;
				ASSETCATALOG_COMPILER_GENERATE_SWIFT_ASSET_SYMBOL_EXTENSIONS = YES;
				CLANG_ANALYZER_NONNULL = YES;
				CLANG_ANALYZER_NUMBER_OBJECT_CONVERSION = YES_AGGRESSIVE;
				CLANG_CXX_LANGUAGE_STANDARD = "gnu++14";
				CLANG_CXX_LIBRARY = "libc++";
				CLANG_ENABLE_MODULES = YES;
				CLANG_ENABLE_OBJC_ARC = YES;
				CLANG_ENABLE_OBJC_WEAK = YES;
				CLANG_WARN_BLOCK_CAPTURE_AUTORELEASING = YES;
				CLANG_WARN_BOOL_CONVERSION = YES;
				CLANG_WARN_COMMA = YES;
				CLANG_WARN_CONSTANT_CONVERSION = YES;
				CLANG_WARN_DEPRECATED_OBJC_IMPLEMENTATIONS = YES;
				CLANG_WARN_DIRECT_OBJC_ISA_USAGE = YES_ERROR;
				CLANG_WARN_DOCUMENTATION_COMMENTS = YES;
				CLANG_WARN_EMPTY_BODY = YES;
				CLANG_WARN_ENUM_CONVERSION = YES;
				CLANG_WARN_INFINITE_RECURSION = YES;
				CLANG_WARN_INT_CONVERSION = YES;
				CLANG_WARN_NON_LITERAL_NULL_CONVERSION = YES;
				CLANG_WARN_OBJC_IMPLICIT_RETAIN_SELF = YES;
				CLANG_WARN_OBJC_LITERAL_CONVERSION = YES;
				CLANG_WARN_OBJC_ROOT_CLASS = YES_ERROR;
				CLANG_WARN_QUOTED_INCLUDE_IN_FRAMEWORK_HEADER = YES;
				CLANG_WARN_RANGE_LOOP_ANALYSIS = YES;
				CLANG_WARN_STRICT_PROTOTYPES = YES;
				CLANG_WARN_SUSPICIOUS_MOVE = YES;
				CLANG_WARN_UNGUARDED_AVAILABILITY = YES_AGGRESSIVE;
				CLANG_WARN_UNREACHABLE_CODE = YES;
				CLANG_WARN__DUPLICATE_METHOD_MATCH = YES;
				COPY_PHASE_STRIP = NO;
				DEAD_CODE_STRIPPING = YES;
				DEBUG_INFORMATION_FORMAT = dwarf;
				ENABLE_STRICT_OBJC_MSGSEND = YES;
				ENABLE_TESTABILITY = YES;
				ENABLE_USER_SCRIPT_SANDBOXING = YES;
				GCC_C_LANGUAGE_STANDARD = gnu11;
				GCC_DYNAMIC_NO_PIC = NO;
				GCC_NO_COMMON_BLOCKS = YES;
				GCC_OPTIMIZATION_LEVEL = 0;
				GCC_PREPROCESSOR_DEFINITIONS = (
					"DEBUG=1",
					"$(inherited)",
					"OPTION_CAN_2_0_ONLY=0",
					"OPTION_CANAPI_DRIVER=1",
					"OPTION_CANAPI_RETVALS=1",
					"OPTION_CANAPI_COMPANIONS=1",
				);
				GCC_WARN_64_TO_32_BIT_CONVERSION = YES;
				GCC_WARN_ABOUT_RETURN_TYPE = YES_ERROR;
				GCC_WARN_UNDECLARED_SELECTOR = YES;
				GCC_WARN_UNINITIALIZED_AUTOS = YES_AGGRESSIVE;
				GCC_WARN_UNUSED_FUNCTION = YES;
				GCC_WARN_UNUSED_VARIABLE = YES;
				LD_RUNPATH_SEARCH_PATHS = /usr/local/lib;
				LIBRARY_SEARCH_PATHS = "";
				MACOSX_DEPLOYMENT_TARGET = 12.0;
				MTL_ENABLE_DEBUG_INFO = INCLUDE_SOURCE;
				MTL_FAST_MATH = YES;
				ONLY_ACTIVE_ARCH = YES;
				SDKROOT = macosx;
				USER_HEADER_SEARCH_PATHS = (
					./Sources,
					../Sources,
					../Sources/CANAPI,
					../Sources/Wrapper,
					../Sources/PCANBasic/macOS,
				);
			};
			name = Debug;
		};
		0FE14B1D25AEEA4900E87475 /* Release */ = {
			isa = XCBuildConfiguration;
			buildSettings = {
				ALWAYS_SEARCH_USER_PATHS = NO;
				ASSETCATALOG_COMPILER_GENERATE_SWIFT_ASSET_SYMBOL_EXTENSIONS = YES;
				CLANG_ANALYZER_NONNULL = YES;
				CLANG_ANALYZER_NUMBER_OBJECT_CONVERSION = YES_AGGRESSIVE;
				CLANG_CXX_LANGUAGE_STANDARD = "gnu++14";
				CLANG_CXX_LIBRARY = "libc++";
				CLANG_ENABLE_MODULES = YES;
				CLANG_ENABLE_OBJC_ARC = YES;
				CLANG_ENABLE_OBJC_WEAK = YES;
				CLANG_WARN_BLOCK_CAPTURE_AUTORELEASING = YES;
				CLANG_WARN_BOOL_CONVERSION = YES;
				CLANG_WARN_COMMA = YES;
				CLANG_WARN_CONSTANT_CONVERSION = YES;
				CLANG_WARN_DEPRECATED_OBJC_IMPLEMENTATIONS = YES;
				CLANG_WARN_DIRECT_OBJC_ISA_USAGE = YES_ERROR;
				CLANG_WARN_DOCUMENTATION_COMMENTS = YES;
				CLANG_WARN_EMPTY_BODY = YES;
				CLANG_WARN_ENUM_CONVERSION = YES;
				CLANG_WARN_INFINITE_RECURSION = YES;
				CLANG_WARN_INT_CONVERSION = YES;
				CLANG_WARN_NON_LITERAL_NULL_CONVERSION = YES;
				CLANG_WARN_OBJC_IMPLICIT_RETAIN_SELF = YES;
				CLANG_WARN_OBJC_LITERAL_CONVERSION = YES;
				CLANG_WARN_OBJC_ROOT_CLASS = YES_ERROR;
				CLANG_WARN_QUOTED_INCLUDE_IN_FRAMEWORK_HEADER = YES;
				CLANG_WARN_RANGE_LOOP_ANALYSIS = YES;
				CLANG_WARN_STRICT_PROTOTYPES = YES;
				CLANG_WARN_SUSPICIOUS_MOVE = YES;
				CLANG_WARN_UNGUARDED_AVAILABILITY = YES_AGGRESSIVE;
				CLANG_WARN_UNREACHABLE_CODE = YES;
				CLANG_WARN__DUPLICATE_METHOD_MATCH = YES;
				COPY_PHASE_STRIP = NO;
				DEAD_CODE_STRIPPING = YES;
				DEBUG_INFORMATION_FORMAT = "dwarf-with-dsym";
				ENABLE_NS_ASSERTIONS = NO;
				ENABLE_STRICT_OBJC_MSGSEND = YES;
				ENABLE_USER_SCRIPT_SANDBOXING = YES;
				GCC_C_LANGUAGE_STANDARD = gnu11;
				GCC_NO_COMMON_BLOCKS = YES;
				GCC_PREPROCESSOR_DEFINITIONS = "";
				GCC_WARN_64_TO_32_BIT_CONVERSION = YES;
				GCC_WARN_ABOUT_RETURN_TYPE = YES_ERROR;
				GCC_WARN_UNDECLARED_SELECTOR = YES;
				GCC_WARN_UNINITIALIZED_AUTOS = YES_AGGRESSIVE;
				GCC_WARN_UNUSED_FUNCTION = YES;
				GCC_WARN_UNUSED_VARIABLE = YES;
				LD_RUNPATH_SEARCH_PATHS = /usr/local/lib;
				LIBRARY_SEARCH_PATHS = "";
				MACOSX_DEPLOYMENT_TARGET = 12.0;
				MTL_ENABLE_DEBUG_INFO = NO;
				MTL_FAST_MATH = YES;
				SDKROOT = macosx;
				USER_HEADER_SEARCH_PATHS = (
					./Sources,
					../Sources,
					../Sources/CANAPI,
					../Sources/Wrapper,
					../Sources/PCANBasic/macOS,
				);
			};
			name = Release;
		};
		0FE14B1F25AEEA4900E87475 /* Debug */ = {
			isa = XCBuildConfiguration;
			buildSettings = {
				CODE_SIGN_IDENTITY = "-";
				CODE_SIGN_STYLE = Automatic;
				DEAD_CODE_STRIPPING = YES;
				PRODUCT_NAME = "$(TARGET_NAME)";
			};
			name = Debug;
		};
		0FE14B2025AEEA4900E87475 /* Release */ = {
			isa = XCBuildConfiguration;
			buildSettings = {
				CODE_SIGN_IDENTITY = "-";
				CODE_SIGN_STYLE = Automatic;
				DEAD_CODE_STRIPPING = YES;
				PRODUCT_NAME = "$(TARGET_NAME)";
			};
			name = Release;
		};
/* End XCBuildConfiguration section */

/* Begin XCConfigurationList section */
		0F8328C6278209CB00BE8BBA /* Build configuration list for PBXNativeTarget "Testing" */ = {
			isa = XCConfigurationList;
			buildConfigurations = (
				0F8328C4278209CB00BE8BBA /* Debug */,
				0F8328C5278209CB00BE8BBA /* Release */,
			);
			defaultConfigurationIsVisible = 0;
			defaultConfigurationName = Release;
		};
		0FE14B1225AEEA4900E87475 /* Build configuration list for PBXProject "PCBUSB" */ = {
			isa = XCConfigurationList;
			buildConfigurations = (
				0FE14B1C25AEEA4900E87475 /* Debug */,
				0FE14B1D25AEEA4900E87475 /* Release */,
			);
			defaultConfigurationIsVisible = 0;
			defaultConfigurationName = Release;
		};
		0FE14B1E25AEEA4900E87475 /* Build configuration list for PBXNativeTarget "PCBUSB" */ = {
			isa = XCConfigurationList;
			buildConfigurations = (
				0FE14B1F25AEEA4900E87475 /* Debug */,
				0FE14B2025AEEA4900E87475 /* Release */,
			);
			defaultConfigurationIsVisible = 0;
			defaultConfigurationName = Release;
		};
/* End XCConfigurationList section */
	};
	rootObject = 0FE14B0F25AEEA4900E87475 /* Project object */;
}
